// !$*UTF8*$!
{
	archiveVersion = 1;
	classes = {
	};
	objectVersion = 60;
	objects = {

/* Begin PBXBuildFile section */
		5D088B062AFC08C800DA4F01 /* LilySwift in Frameworks */ = {isa = PBXBuildFile; productRef = 5D088B052AFC08C800DA4F01 /* LilySwift */; };
		5D21E9712A46DBCB0097A819 /* LaunchScreen.storyboard in Resources */ = {isa = PBXBuildFile; fileRef = 5D8EA070263D5D0500DCD404 /* LaunchScreen.storyboard */; };
		5D2337E12A4882470065BB61 /* AppDelegate.swift in Sources */ = {isa = PBXBuildFile; fileRef = 5D2337E02A4882470065BB61 /* AppDelegate.swift */; };
		5D2337F02A4882EB0065BB61 /* Assets.xcassets in Resources */ = {isa = PBXBuildFile; fileRef = 5D8EA06F263D5D0500DCD404 /* Assets.xcassets */; };
		5D2337F12A4883480065BB61 /* DevViewController.swift in Sources */ = {isa = PBXBuildFile; fileRef = 5D8EA07B263D5D0500DCD404 /* DevViewController.swift */; };
		5D2338062A4884D90065BB61 /* main.swift in Sources */ = {isa = PBXBuildFile; fileRef = 5D2338052A4884D90065BB61 /* main.swift */; };
		5D5F43502B0123A800614D79 /* DevEnv.RenderFlow.swift in Sources */ = {isa = PBXBuildFile; fileRef = 5D5F434F2B0123A800614D79 /* DevEnv.RenderFlow.swift */; };
		5D5F43512B0123A800614D79 /* DevEnv.RenderFlow.swift in Sources */ = {isa = PBXBuildFile; fileRef = 5D5F434F2B0123A800614D79 /* DevEnv.RenderFlow.swift */; };
		5D5F43522B0123A800614D79 /* DevEnv.RenderFlow.swift in Sources */ = {isa = PBXBuildFile; fileRef = 5D5F434F2B0123A800614D79 /* DevEnv.RenderFlow.swift */; };
		5D5F43542B0123FC00614D79 /* DevEnv.Family.swift in Sources */ = {isa = PBXBuildFile; fileRef = 5D5F43532B0123FB00614D79 /* DevEnv.Family.swift */; };
		5D5F43552B0123FC00614D79 /* DevEnv.Family.swift in Sources */ = {isa = PBXBuildFile; fileRef = 5D5F43532B0123FB00614D79 /* DevEnv.Family.swift */; };
		5D5F43562B0123FC00614D79 /* DevEnv.Family.swift in Sources */ = {isa = PBXBuildFile; fileRef = 5D5F43532B0123FB00614D79 /* DevEnv.Family.swift */; };
		5D69BA7C2AE5152200D9323C /* VisionContentView.swift in Sources */ = {isa = PBXBuildFile; fileRef = 5DD583E12AA771BF00B5E6AE /* VisionContentView.swift */; };
		5D84561D2AFA81B7004E48B3 /* LilySwift in Frameworks */ = {isa = PBXBuildFile; productRef = 5D84561C2AFA81B7004E48B3 /* LilySwift */; };
		5D84561F2AFA81DB004E48B3 /* LilySwift in Frameworks */ = {isa = PBXBuildFile; productRef = 5D84561E2AFA81DB004E48B3 /* LilySwift */; };
		5D8456212AFA81F9004E48B3 /* LilySwift in Frameworks */ = {isa = PBXBuildFile; productRef = 5D8456202AFA81F9004E48B3 /* LilySwift */; };
		5D8EA081263D5D0500DCD404 /* Assets.xcassets in Resources */ = {isa = PBXBuildFile; fileRef = 5D8EA06F263D5D0500DCD404 /* Assets.xcassets */; };
		5D8EA087263D5D0500DCD404 /* DevViewController.swift in Sources */ = {isa = PBXBuildFile; fileRef = 5D8EA07B263D5D0500DCD404 /* DevViewController.swift */; };
		5D8EA088263D5D0500DCD404 /* PageController.swift in Sources */ = {isa = PBXBuildFile; fileRef = 5D8EA07D263D5D0500DCD404 /* PageController.swift */; };
		5D8EA089263D5D0500DCD404 /* AppDelegate.swift in Sources */ = {isa = PBXBuildFile; fileRef = 5D8EA07E263D5D0500DCD404 /* AppDelegate.swift */; };
		5D8EA08A263D5D0500DCD404 /* main.swift in Sources */ = {isa = PBXBuildFile; fileRef = 5D8EA07F263D5D0500DCD404 /* main.swift */; };
		5D8EA08B263D5D0500DCD404 /* SceneDelegate.swift in Sources */ = {isa = PBXBuildFile; fileRef = 5D8EA080263D5D0500DCD404 /* SceneDelegate.swift */; };
		5DAE741D2B03D2F400445AE2 /* DevEnv.ObjectRenderer.swift in Sources */ = {isa = PBXBuildFile; fileRef = 5DAE741C2B03D2F400445AE2 /* DevEnv.ObjectRenderer.swift */; };
		5DAE741E2B03D2F400445AE2 /* DevEnv.ObjectRenderer.swift in Sources */ = {isa = PBXBuildFile; fileRef = 5DAE741C2B03D2F400445AE2 /* DevEnv.ObjectRenderer.swift */; };
		5DAE741F2B03D2F400445AE2 /* DevEnv.ObjectRenderer.swift in Sources */ = {isa = PBXBuildFile; fileRef = 5DAE741C2B03D2F400445AE2 /* DevEnv.ObjectRenderer.swift */; };
		5DAE74212B03DB1500445AE2 /* DevEnv.LightingRenderer.swift in Sources */ = {isa = PBXBuildFile; fileRef = 5DAE74202B03DB1500445AE2 /* DevEnv.LightingRenderer.swift */; };
		5DAE74222B03DB1500445AE2 /* DevEnv.LightingRenderer.swift in Sources */ = {isa = PBXBuildFile; fileRef = 5DAE74202B03DB1500445AE2 /* DevEnv.LightingRenderer.swift */; };
		5DAE74232B03DB1500445AE2 /* DevEnv.LightingRenderer.swift in Sources */ = {isa = PBXBuildFile; fileRef = 5DAE74202B03DB1500445AE2 /* DevEnv.LightingRenderer.swift */; };
		5DAE74252B03DBB900445AE2 /* DevEnv.ParticleRenderer.swift in Sources */ = {isa = PBXBuildFile; fileRef = 5DAE74242B03DBB900445AE2 /* DevEnv.ParticleRenderer.swift */; };
		5DAE74262B03DBB900445AE2 /* DevEnv.ParticleRenderer.swift in Sources */ = {isa = PBXBuildFile; fileRef = 5DAE74242B03DBB900445AE2 /* DevEnv.ParticleRenderer.swift */; };
		5DAE74272B03DBB900445AE2 /* DevEnv.ParticleRenderer.swift in Sources */ = {isa = PBXBuildFile; fileRef = 5DAE74242B03DBB900445AE2 /* DevEnv.ParticleRenderer.swift */; };
		5DAE74282B03E31D00445AE2 /* Assets.xcassets in Resources */ = {isa = PBXBuildFile; fileRef = 5D8EA06F263D5D0500DCD404 /* Assets.xcassets */; };
		5DD583E02AA771BF00B5E6AE /* VisionApp.swift in Sources */ = {isa = PBXBuildFile; fileRef = 5DD583DF2AA771BF00B5E6AE /* VisionApp.swift */; };
		5DD583EC2AA771C300B5E6AE /* Assets.xcassets in Resources */ = {isa = PBXBuildFile; fileRef = 5DD583EB2AA771C300B5E6AE /* Assets.xcassets */; };
/* End PBXBuildFile section */

/* Begin PBXCopyFilesBuildPhase section */
		5D2338182A488ADF0065BB61 /* Embed Frameworks */ = {
			isa = PBXCopyFilesBuildPhase;
			buildActionMask = 2147483647;
			dstPath = "";
			dstSubfolderSpec = 10;
			files = (
			);
			name = "Embed Frameworks";
			runOnlyForDeploymentPostprocessing = 0;
		};
		5D45E7AA2AC2DD1600738707 /* Embed Frameworks */ = {
			isa = PBXCopyFilesBuildPhase;
			buildActionMask = 2147483647;
			dstPath = "";
			dstSubfolderSpec = 10;
			files = (
			);
			name = "Embed Frameworks";
			runOnlyForDeploymentPostprocessing = 0;
		};
		5DD584052AA77A8100B5E6AE /* Embed Frameworks */ = {
			isa = PBXCopyFilesBuildPhase;
			buildActionMask = 2147483647;
			dstPath = "";
			dstSubfolderSpec = 10;
			files = (
			);
			name = "Embed Frameworks";
			runOnlyForDeploymentPostprocessing = 0;
		};
/* End PBXCopyFilesBuildPhase section */

/* Begin PBXFileReference section */
		5D2337DE2A4882470065BB61 /* DevEnv-macOS.app */ = {isa = PBXFileReference; explicitFileType = wrapper.application; includeInIndex = 0; path = "DevEnv-macOS.app"; sourceTree = BUILT_PRODUCTS_DIR; };
		5D2337E02A4882470065BB61 /* AppDelegate.swift */ = {isa = PBXFileReference; lastKnownFileType = sourcecode.swift; path = AppDelegate.swift; sourceTree = "<group>"; };
		5D2337E92A4882480065BB61 /* DevEnv(macOS).entitlements */ = {isa = PBXFileReference; lastKnownFileType = text.plist.entitlements; path = "DevEnv(macOS).entitlements"; sourceTree = "<group>"; };
		5D2338052A4884D90065BB61 /* main.swift */ = {isa = PBXFileReference; lastKnownFileType = sourcecode.swift; path = main.swift; sourceTree = "<group>"; };
		5D2338192A488F1D0065BB61 /* InfoMac.plist */ = {isa = PBXFileReference; lastKnownFileType = text.plist.xml; path = InfoMac.plist; sourceTree = "<group>"; };
		5D5F434F2B0123A800614D79 /* DevEnv.RenderFlow.swift */ = {isa = PBXFileReference; lastKnownFileType = sourcecode.swift; path = DevEnv.RenderFlow.swift; sourceTree = "<group>"; };
		5D5F43532B0123FB00614D79 /* DevEnv.Family.swift */ = {isa = PBXFileReference; lastKnownFileType = sourcecode.swift; path = DevEnv.Family.swift; sourceTree = "<group>"; };
		5D8EA04D263D5CD400DCD404 /* DevEnv-iOS.app */ = {isa = PBXFileReference; explicitFileType = wrapper.application; includeInIndex = 0; path = "DevEnv-iOS.app"; sourceTree = BUILT_PRODUCTS_DIR; };
		5D8EA06F263D5D0500DCD404 /* Assets.xcassets */ = {isa = PBXFileReference; lastKnownFileType = folder.assetcatalog; path = Assets.xcassets; sourceTree = "<group>"; };
		5D8EA071263D5D0500DCD404 /* Base */ = {isa = PBXFileReference; lastKnownFileType = file.storyboard; name = Base; path = Base.lproj/LaunchScreen.storyboard; sourceTree = "<group>"; };
		5D8EA072263D5D0500DCD404 /* DevEnv(iOS).entitlements */ = {isa = PBXFileReference; fileEncoding = 4; lastKnownFileType = text.plist.entitlements; path = "DevEnv(iOS).entitlements"; sourceTree = "<group>"; };
		5D8EA073263D5D0500DCD404 /* Info.plist */ = {isa = PBXFileReference; fileEncoding = 4; lastKnownFileType = text.plist.xml; path = Info.plist; sourceTree = "<group>"; };
		5D8EA07B263D5D0500DCD404 /* DevViewController.swift */ = {isa = PBXFileReference; fileEncoding = 4; lastKnownFileType = sourcecode.swift; path = DevViewController.swift; sourceTree = "<group>"; };
		5D8EA07D263D5D0500DCD404 /* PageController.swift */ = {isa = PBXFileReference; fileEncoding = 4; lastKnownFileType = sourcecode.swift; path = PageController.swift; sourceTree = "<group>"; };
		5D8EA07E263D5D0500DCD404 /* AppDelegate.swift */ = {isa = PBXFileReference; fileEncoding = 4; lastKnownFileType = sourcecode.swift; path = AppDelegate.swift; sourceTree = "<group>"; };
		5D8EA07F263D5D0500DCD404 /* main.swift */ = {isa = PBXFileReference; fileEncoding = 4; lastKnownFileType = sourcecode.swift; path = main.swift; sourceTree = "<group>"; };
		5D8EA080263D5D0500DCD404 /* SceneDelegate.swift */ = {isa = PBXFileReference; fileEncoding = 4; lastKnownFileType = sourcecode.swift; path = SceneDelegate.swift; sourceTree = "<group>"; };
		5D9A4E9823EC850A00210B1B /* MetalKit.framework */ = {isa = PBXFileReference; lastKnownFileType = wrapper.framework; name = MetalKit.framework; path = Platforms/MacOSX.platform/Developer/SDKs/MacOSX10.15.sdk/System/Library/Frameworks/MetalKit.framework; sourceTree = DEVELOPER_DIR; };
		5D9A4E9923EC850A00210B1B /* Metal.framework */ = {isa = PBXFileReference; lastKnownFileType = wrapper.framework; name = Metal.framework; path = Platforms/MacOSX.platform/Developer/SDKs/MacOSX10.15.sdk/System/Library/Frameworks/Metal.framework; sourceTree = DEVELOPER_DIR; };
		5DACEE95235C7167001143BF /* libz.tbd */ = {isa = PBXFileReference; lastKnownFileType = "sourcecode.text-based-dylib-definition"; name = libz.tbd; path = Platforms/MacOSX.platform/Developer/SDKs/MacOSX10.15.sdk/usr/lib/libz.tbd; sourceTree = DEVELOPER_DIR; };
		5DAE741C2B03D2F400445AE2 /* DevEnv.ObjectRenderer.swift */ = {isa = PBXFileReference; lastKnownFileType = sourcecode.swift; path = DevEnv.ObjectRenderer.swift; sourceTree = "<group>"; };
		5DAE74202B03DB1500445AE2 /* DevEnv.LightingRenderer.swift */ = {isa = PBXFileReference; lastKnownFileType = sourcecode.swift; path = DevEnv.LightingRenderer.swift; sourceTree = "<group>"; };
		5DAE74242B03DBB900445AE2 /* DevEnv.ParticleRenderer.swift */ = {isa = PBXFileReference; lastKnownFileType = sourcecode.swift; path = DevEnv.ParticleRenderer.swift; sourceTree = "<group>"; };
		5DD5361A23660C0C0076DDE8 /* UIKit.framework */ = {isa = PBXFileReference; lastKnownFileType = wrapper.framework; name = UIKit.framework; path = System/Library/Frameworks/UIKit.framework; sourceTree = SDKROOT; };
		5DD583D92AA771BF00B5E6AE /* DevEnv-visionOS.app */ = {isa = PBXFileReference; explicitFileType = wrapper.application; includeInIndex = 0; path = "DevEnv-visionOS.app"; sourceTree = BUILT_PRODUCTS_DIR; };
		5DD583DF2AA771BF00B5E6AE /* VisionApp.swift */ = {isa = PBXFileReference; lastKnownFileType = sourcecode.swift; path = VisionApp.swift; sourceTree = "<group>"; };
		5DD583E12AA771BF00B5E6AE /* VisionContentView.swift */ = {isa = PBXFileReference; lastKnownFileType = sourcecode.swift; path = VisionContentView.swift; sourceTree = "<group>"; };
		5DD583EB2AA771C300B5E6AE /* Assets.xcassets */ = {isa = PBXFileReference; lastKnownFileType = folder.assetcatalog; path = Assets.xcassets; sourceTree = "<group>"; };
		5DD583FC2AA777F600B5E6AE /* InfoVision.plist */ = {isa = PBXFileReference; lastKnownFileType = text.plist.xml; path = InfoVision.plist; sourceTree = "<group>"; };
/* End PBXFileReference section */

/* Begin PBXFrameworksBuildPhase section */
		5D2337DB2A4882470065BB61 /* Frameworks */ = {
			isa = PBXFrameworksBuildPhase;
			buildActionMask = 2147483647;
			files = (
				5D84561F2AFA81DB004E48B3 /* LilySwift in Frameworks */,
			);
			runOnlyForDeploymentPostprocessing = 0;
		};
		5D8EA04A263D5CD400DCD404 /* Frameworks */ = {
			isa = PBXFrameworksBuildPhase;
			buildActionMask = 2147483647;
			files = (
				5D088B062AFC08C800DA4F01 /* LilySwift in Frameworks */,
				5D84561D2AFA81B7004E48B3 /* LilySwift in Frameworks */,
			);
			runOnlyForDeploymentPostprocessing = 0;
		};
		5DD583D62AA771BF00B5E6AE /* Frameworks */ = {
			isa = PBXFrameworksBuildPhase;
			buildActionMask = 2147483647;
			files = (
				5D8456212AFA81F9004E48B3 /* LilySwift in Frameworks */,
			);
			runOnlyForDeploymentPostprocessing = 0;
		};
/* End PBXFrameworksBuildPhase section */

/* Begin PBXGroup section */
		5D2337EF2A4882C80065BB61 /* mac */ = {
			isa = PBXGroup;
			children = (
				5D2338052A4884D90065BB61 /* main.swift */,
				5D2337E02A4882470065BB61 /* AppDelegate.swift */,
			);
			path = mac;
			sourceTree = "<group>";
		};
		5D5F434E2B01237600614D79 /* Renderers */ = {
			isa = PBXGroup;
			children = (
				5D5F434F2B0123A800614D79 /* DevEnv.RenderFlow.swift */,
				5DAE741C2B03D2F400445AE2 /* DevEnv.ObjectRenderer.swift */,
				5DAE74202B03DB1500445AE2 /* DevEnv.LightingRenderer.swift */,
				5DAE74242B03DBB900445AE2 /* DevEnv.ParticleRenderer.swift */,
			);
			path = Renderers;
			sourceTree = "<group>";
		};
		5D8EA06D263D5D0500DCD404 /* DevEnv */ = {
			isa = PBXGroup;
			children = (
				5D8EA06F263D5D0500DCD404 /* Assets.xcassets */,
				5D8EA06E263D5D0500DCD404 /* App */,
				5D5F434E2B01237600614D79 /* Renderers */,
				5D8EA07A263D5D0500DCD404 /* Views */,
				5DD583FB2AA7778000B5E6AE /* Base */,
			);
			path = DevEnv;
			sourceTree = "<group>";
		};
		5D8EA06E263D5D0500DCD404 /* App */ = {
			isa = PBXGroup;
			children = (
				5D8EA070263D5D0500DCD404 /* LaunchScreen.storyboard */,
				5D8EA072263D5D0500DCD404 /* DevEnv(iOS).entitlements */,
				5D2337E92A4882480065BB61 /* DevEnv(macOS).entitlements */,
				5D8EA073263D5D0500DCD404 /* Info.plist */,
				5D2338192A488F1D0065BB61 /* InfoMac.plist */,
				5DD583FC2AA777F600B5E6AE /* InfoVision.plist */,
			);
			path = App;
			sourceTree = "<group>";
		};
		5D8EA07A263D5D0500DCD404 /* Views */ = {
			isa = PBXGroup;
			children = (
				5D8EA07B263D5D0500DCD404 /* DevViewController.swift */,
				5DD583E12AA771BF00B5E6AE /* VisionContentView.swift */,
			);
			path = Views;
			sourceTree = "<group>";
		};
		5D8EA07C263D5D0500DCD404 /* ios */ = {
			isa = PBXGroup;
			children = (
				5D8EA07F263D5D0500DCD404 /* main.swift */,
				5D8EA07E263D5D0500DCD404 /* AppDelegate.swift */,
				5D8EA080263D5D0500DCD404 /* SceneDelegate.swift */,
				5D8EA07D263D5D0500DCD404 /* PageController.swift */,
			);
			path = ios;
			sourceTree = "<group>";
		};
		5D8F3B72235B946B00BB9805 = {
			isa = PBXGroup;
			children = (
				5D8EA06D263D5D0500DCD404 /* DevEnv */,
				5D8F3B7D235B946B00BB9805 /* Products */,
				5DACEE94235C7167001143BF /* Frameworks */,
			);
			sourceTree = "<group>";
		};
		5D8F3B7D235B946B00BB9805 /* Products */ = {
			isa = PBXGroup;
			children = (
				5D8EA04D263D5CD400DCD404 /* DevEnv-iOS.app */,
				5D2337DE2A4882470065BB61 /* DevEnv-macOS.app */,
				5DD583D92AA771BF00B5E6AE /* DevEnv-visionOS.app */,
			);
			name = Products;
			sourceTree = "<group>";
		};
		5DACEE94235C7167001143BF /* Frameworks */ = {
			isa = PBXGroup;
			children = (
				5D9A4E9923EC850A00210B1B /* Metal.framework */,
				5D9A4E9823EC850A00210B1B /* MetalKit.framework */,
				5DD5361A23660C0C0076DDE8 /* UIKit.framework */,
				5DACEE95235C7167001143BF /* libz.tbd */,
			);
			name = Frameworks;
			sourceTree = "<group>";
		};
		5DD583FA2AA776F500B5E6AE /* vision */ = {
			isa = PBXGroup;
			children = (
				5DD583DF2AA771BF00B5E6AE /* VisionApp.swift */,
				5DD583EB2AA771C300B5E6AE /* Assets.xcassets */,
			);
			path = vision;
			sourceTree = "<group>";
		};
		5DD583FB2AA7778000B5E6AE /* Base */ = {
			isa = PBXGroup;
			children = (
				5D5F43532B0123FB00614D79 /* DevEnv.Family.swift */,
				5D8EA07C263D5D0500DCD404 /* ios */,
				5D2337EF2A4882C80065BB61 /* mac */,
				5DD583FA2AA776F500B5E6AE /* vision */,
			);
			path = Base;
			sourceTree = "<group>";
		};
/* End PBXGroup section */

/* Begin PBXNativeTarget section */
		5D2337DD2A4882470065BB61 /* DevEnv-macOS */ = {
			isa = PBXNativeTarget;
			buildConfigurationList = 5D2337EC2A4882490065BB61 /* Build configuration list for PBXNativeTarget "DevEnv-macOS" */;
			buildPhases = (
				5D2337DA2A4882470065BB61 /* Sources */,
				5D2337DB2A4882470065BB61 /* Frameworks */,
				5D2337DC2A4882470065BB61 /* Resources */,
				5D2338182A488ADF0065BB61 /* Embed Frameworks */,
			);
			buildRules = (
			);
			dependencies = (
			);
			name = "DevEnv-macOS";
			packageProductDependencies = (
				5D84561E2AFA81DB004E48B3 /* LilySwift */,
			);
			productName = "DevEnv(mac)";
			productReference = 5D2337DE2A4882470065BB61 /* DevEnv-macOS.app */;
			productType = "com.apple.product-type.application";
		};
		5D8EA04C263D5CD400DCD404 /* DevEnv-iOS */ = {
			isa = PBXNativeTarget;
			buildConfigurationList = 5D8EA05E263D5CD400DCD404 /* Build configuration list for PBXNativeTarget "DevEnv-iOS" */;
			buildPhases = (
				5D8EA049263D5CD400DCD404 /* Sources */,
				5D8EA04A263D5CD400DCD404 /* Frameworks */,
				5D8EA04B263D5CD400DCD404 /* Resources */,
				5D45E7AA2AC2DD1600738707 /* Embed Frameworks */,
			);
			buildRules = (
			);
			dependencies = (
			);
			name = "DevEnv-iOS";
			packageProductDependencies = (
				5D84561C2AFA81B7004E48B3 /* LilySwift */,
				5D088B052AFC08C800DA4F01 /* LilySwift */,
			);
			productName = "DevEnv(iOS)";
			productReference = 5D8EA04D263D5CD400DCD404 /* DevEnv-iOS.app */;
			productType = "com.apple.product-type.application";
		};
		5DD583D82AA771BF00B5E6AE /* DevEnv-visionOS */ = {
			isa = PBXNativeTarget;
			buildConfigurationList = 5DD583EE2AA771C300B5E6AE /* Build configuration list for PBXNativeTarget "DevEnv-visionOS" */;
			buildPhases = (
				5DD583D52AA771BF00B5E6AE /* Sources */,
				5DD583D62AA771BF00B5E6AE /* Frameworks */,
				5DD583D72AA771BF00B5E6AE /* Resources */,
				5DD584052AA77A8100B5E6AE /* Embed Frameworks */,
			);
			buildRules = (
			);
			dependencies = (
			);
			name = "DevEnv-visionOS";
			packageProductDependencies = (
				5D8456202AFA81F9004E48B3 /* LilySwift */,
			);
			productName = DevEnvVision;
			productReference = 5DD583D92AA771BF00B5E6AE /* DevEnv-visionOS.app */;
			productType = "com.apple.product-type.application";
		};
/* End PBXNativeTarget section */

/* Begin PBXProject section */
		5D8F3B73235B946B00BB9805 /* Project object */ = {
			isa = PBXProject;
			attributes = {
				BuildIndependentTargetsInParallel = YES;
				LastSwiftUpdateCheck = 1500;
				LastUpgradeCheck = 1510;
				ORGANIZATIONNAME = "Watanabe-Denki, Inc.";
				TargetAttributes = {
					5D2337DD2A4882470065BB61 = {
						CreatedOnToolsVersion = 14.3;
					};
					5D8EA04C263D5CD400DCD404 = {
						CreatedOnToolsVersion = 12.2;
					};
					5DD583D82AA771BF00B5E6AE = {
						CreatedOnToolsVersion = 15.0;
					};
				};
			};
			buildConfigurationList = 5D8F3B76235B946B00BB9805 /* Build configuration list for PBXProject "DevEnv" */;
			compatibilityVersion = "Xcode 14.0";
			developmentRegion = en;
			hasScannedForEncodings = 0;
			knownRegions = (
				en,
				Base,
			);
			mainGroup = 5D8F3B72235B946B00BB9805;
			packageReferences = (
				5D088B042AFC08C800DA4F01 /* XCLocalSwiftPackageReference "../../.." */,
			);
			productRefGroup = 5D8F3B7D235B946B00BB9805 /* Products */;
			projectDirPath = "";
			projectRoot = "";
			targets = (
				5D8EA04C263D5CD400DCD404 /* DevEnv-iOS */,
				5D2337DD2A4882470065BB61 /* DevEnv-macOS */,
				5DD583D82AA771BF00B5E6AE /* DevEnv-visionOS */,
			);
		};
/* End PBXProject section */

/* Begin PBXResourcesBuildPhase section */
		5D2337DC2A4882470065BB61 /* Resources */ = {
			isa = PBXResourcesBuildPhase;
			buildActionMask = 2147483647;
			files = (
				5D2337F02A4882EB0065BB61 /* Assets.xcassets in Resources */,
			);
			runOnlyForDeploymentPostprocessing = 0;
		};
		5D8EA04B263D5CD400DCD404 /* Resources */ = {
			isa = PBXResourcesBuildPhase;
			buildActionMask = 2147483647;
			files = (
				5D21E9712A46DBCB0097A819 /* LaunchScreen.storyboard in Resources */,
				5D8EA081263D5D0500DCD404 /* Assets.xcassets in Resources */,
			);
			runOnlyForDeploymentPostprocessing = 0;
		};
		5DD583D72AA771BF00B5E6AE /* Resources */ = {
			isa = PBXResourcesBuildPhase;
			buildActionMask = 2147483647;
			files = (
				5DAE74282B03E31D00445AE2 /* Assets.xcassets in Resources */,
				5DD583EC2AA771C300B5E6AE /* Assets.xcassets in Resources */,
			);
			runOnlyForDeploymentPostprocessing = 0;
		};
/* End PBXResourcesBuildPhase section */

/* Begin PBXSourcesBuildPhase section */
		5D2337DA2A4882470065BB61 /* Sources */ = {
			isa = PBXSourcesBuildPhase;
			buildActionMask = 2147483647;
			files = (
				5D5F43512B0123A800614D79 /* DevEnv.RenderFlow.swift in Sources */,
				5DAE74262B03DBB900445AE2 /* DevEnv.ParticleRenderer.swift in Sources */,
				5D5F43552B0123FC00614D79 /* DevEnv.Family.swift in Sources */,
				5D2337F12A4883480065BB61 /* DevViewController.swift in Sources */,
				5D2338062A4884D90065BB61 /* main.swift in Sources */,
				5DAE74222B03DB1500445AE2 /* DevEnv.LightingRenderer.swift in Sources */,
				5DAE741E2B03D2F400445AE2 /* DevEnv.ObjectRenderer.swift in Sources */,
				5D2337E12A4882470065BB61 /* AppDelegate.swift in Sources */,
			);
			runOnlyForDeploymentPostprocessing = 0;
		};
		5D8EA049263D5CD400DCD404 /* Sources */ = {
			isa = PBXSourcesBuildPhase;
			buildActionMask = 2147483647;
			files = (
				5D8EA089263D5D0500DCD404 /* AppDelegate.swift in Sources */,
				5DAE74212B03DB1500445AE2 /* DevEnv.LightingRenderer.swift in Sources */,
				5D8EA087263D5D0500DCD404 /* DevViewController.swift in Sources */,
				5DAE741D2B03D2F400445AE2 /* DevEnv.ObjectRenderer.swift in Sources */,
				5D8EA08A263D5D0500DCD404 /* main.swift in Sources */,
				5DAE74252B03DBB900445AE2 /* DevEnv.ParticleRenderer.swift in Sources */,
				5D8EA08B263D5D0500DCD404 /* SceneDelegate.swift in Sources */,
				5D5F43502B0123A800614D79 /* DevEnv.RenderFlow.swift in Sources */,
				5D5F43542B0123FC00614D79 /* DevEnv.Family.swift in Sources */,
				5D8EA088263D5D0500DCD404 /* PageController.swift in Sources */,
			);
			runOnlyForDeploymentPostprocessing = 0;
		};
		5DD583D52AA771BF00B5E6AE /* Sources */ = {
			isa = PBXSourcesBuildPhase;
			buildActionMask = 2147483647;
			files = (
				5D69BA7C2AE5152200D9323C /* VisionContentView.swift in Sources */,
				5DAE74272B03DBB900445AE2 /* DevEnv.ParticleRenderer.swift in Sources */,
				5DAE74232B03DB1500445AE2 /* DevEnv.LightingRenderer.swift in Sources */,
				5D5F43522B0123A800614D79 /* DevEnv.RenderFlow.swift in Sources */,
				5D5F43562B0123FC00614D79 /* DevEnv.Family.swift in Sources */,
				5DD583E02AA771BF00B5E6AE /* VisionApp.swift in Sources */,
				5DAE741F2B03D2F400445AE2 /* DevEnv.ObjectRenderer.swift in Sources */,
			);
			runOnlyForDeploymentPostprocessing = 0;
		};
/* End PBXSourcesBuildPhase section */

/* Begin PBXVariantGroup section */
		5D8EA070263D5D0500DCD404 /* LaunchScreen.storyboard */ = {
			isa = PBXVariantGroup;
			children = (
				5D8EA071263D5D0500DCD404 /* Base */,
			);
			name = LaunchScreen.storyboard;
			sourceTree = "<group>";
		};
/* End PBXVariantGroup section */

/* Begin XCBuildConfiguration section */
		5D2337EA2A4882490065BB61 /* Debug */ = {
			isa = XCBuildConfiguration;
			buildSettings = {
				ASSETCATALOG_COMPILER_APPICON_NAME = AppIcon;
				ASSETCATALOG_COMPILER_GLOBAL_ACCENT_COLOR_NAME = AccentColor;
				CLANG_CXX_LANGUAGE_STANDARD = "gnu++20";
				CODE_SIGN_ENTITLEMENTS = "DevEnv/App/DevEnv(macOS).entitlements";
				CODE_SIGN_IDENTITY = "Apple Development";
				CODE_SIGN_STYLE = Automatic;
				COMBINE_HIDPI_IMAGES = YES;
				CURRENT_PROJECT_VERSION = 1;
				DEAD_CODE_STRIPPING = YES;
				DEVELOPMENT_TEAM = N6DRT9P33S;
				ENABLE_HARDENED_RUNTIME = YES;
				GCC_PREPROCESSOR_DEFINITIONS = (
					"DEBUG=1",
					"$(inherited)",
				);
				GENERATE_INFOPLIST_FILE = YES;
				INFOPLIST_FILE = DevEnv/App/InfoMac.plist;
				INFOPLIST_KEY_NSHumanReadableCopyright = "Copyright © 2023 Watanabe-DenkiI.Inc. All rights reserved.";
				INFOPLIST_KEY_NSMainStoryboardFile = "";
				INFOPLIST_KEY_NSPrincipalClass = NSApplication;
				LD_RUNPATH_SEARCH_PATHS = (
					"$(inherited)",
					"@executable_path/../Frameworks",
				);
				MACOSX_DEPLOYMENT_TARGET = 12.0;
				MARKETING_VERSION = 1.0;
				PRODUCT_BUNDLE_IDENTIFIER = jp.co.wdkk.DevEnvMac;
				PRODUCT_NAME = "$(TARGET_NAME)";
				PROVISIONING_PROFILE_SPECIFIER = "";
				SDKROOT = macosx;
				SWIFT_EMIT_LOC_STRINGS = YES;
				SWIFT_VERSION = 5.0;
				SYMROOT = ../../../build/macDev/;
			};
			name = Debug;
		};
		5D2337EB2A4882490065BB61 /* Release */ = {
			isa = XCBuildConfiguration;
			buildSettings = {
				ASSETCATALOG_COMPILER_APPICON_NAME = AppIcon;
				ASSETCATALOG_COMPILER_GLOBAL_ACCENT_COLOR_NAME = AccentColor;
				CLANG_CXX_LANGUAGE_STANDARD = "gnu++20";
				CODE_SIGN_ENTITLEMENTS = "DevEnv/App/DevEnv(macOS).entitlements";
				CODE_SIGN_IDENTITY = "Apple Development";
				CODE_SIGN_STYLE = Automatic;
				COMBINE_HIDPI_IMAGES = YES;
				CURRENT_PROJECT_VERSION = 1;
				DEAD_CODE_STRIPPING = YES;
				DEVELOPMENT_TEAM = N6DRT9P33S;
				ENABLE_HARDENED_RUNTIME = YES;
				GENERATE_INFOPLIST_FILE = YES;
				INFOPLIST_FILE = DevEnv/App/InfoMac.plist;
				INFOPLIST_KEY_NSHumanReadableCopyright = "Copyright © 2023 Watanabe-DenkiI.Inc. All rights reserved.";
				INFOPLIST_KEY_NSMainStoryboardFile = "";
				INFOPLIST_KEY_NSPrincipalClass = NSApplication;
				LD_RUNPATH_SEARCH_PATHS = (
					"$(inherited)",
					"@executable_path/../Frameworks",
				);
				MACOSX_DEPLOYMENT_TARGET = 12.0;
				MARKETING_VERSION = 1.0;
				PRODUCT_BUNDLE_IDENTIFIER = jp.co.wdkk.DevEnvMac;
				PRODUCT_NAME = "$(TARGET_NAME)";
				PROVISIONING_PROFILE_SPECIFIER = "";
				SDKROOT = macosx;
				SWIFT_EMIT_LOC_STRINGS = YES;
				SWIFT_VERSION = 5.0;
				SYMROOT = ../../../build/macDev/;
			};
			name = Release;
		};
		5D8EA05F263D5CD400DCD404 /* Debug */ = {
			isa = XCBuildConfiguration;
			buildSettings = {
				ASSETCATALOG_COMPILER_APPICON_NAME = AppIcon;
				ASSETCATALOG_COMPILER_GLOBAL_ACCENT_COLOR_NAME = AccentColor;
				BUILD_LIBRARY_FOR_DISTRIBUTION = NO;
				CLANG_CXX_LANGUAGE_STANDARD = "gnu++14";
				CODE_SIGN_ENTITLEMENTS = "DevEnv/App/DevEnv(iOS).entitlements";
				CODE_SIGN_IDENTITY = "Apple Development";
				CODE_SIGN_STYLE = Automatic;
				DEVELOPMENT_TEAM = N6DRT9P33S;
				GCC_PREPROCESSOR_DEFINITIONS = (
					"DEBUG=1",
					"$(inherited)",
				);
				INFOPLIST_FILE = DevEnv/App/Info.plist;
				IPHONEOS_DEPLOYMENT_TARGET = 15.0;
				LD_RUNPATH_SEARCH_PATHS = (
					"$(inherited)",
					"@executable_path/Frameworks",
				);
				PRODUCT_BUNDLE_IDENTIFIER = jp.co.wdkk.DevEnv;
				PRODUCT_NAME = "$(TARGET_NAME)";
				PROVISIONING_PROFILE_SPECIFIER = "";
				SUPPORTED_PLATFORMS = "iphoneos iphonesimulator";
				SUPPORTS_MACCATALYST = YES;
				SUPPORTS_MAC_DESIGNED_FOR_IPHONE_IPAD = NO;
				SWIFT_VERSION = 5.0;
				SYMROOT = ../../../build/iOSDev/;
				TARGETED_DEVICE_FAMILY = "1,2,6";
			};
			name = Debug;
		};
		5D8EA060263D5CD400DCD404 /* Release */ = {
			isa = XCBuildConfiguration;
			buildSettings = {
				ASSETCATALOG_COMPILER_APPICON_NAME = AppIcon;
				ASSETCATALOG_COMPILER_GLOBAL_ACCENT_COLOR_NAME = AccentColor;
				BUILD_LIBRARY_FOR_DISTRIBUTION = NO;
				CLANG_CXX_LANGUAGE_STANDARD = "gnu++14";
				CODE_SIGN_ENTITLEMENTS = "DevEnv/App/DevEnv(iOS).entitlements";
				CODE_SIGN_IDENTITY = "Apple Development";
				CODE_SIGN_STYLE = Automatic;
				DEVELOPMENT_TEAM = N6DRT9P33S;
				INFOPLIST_FILE = DevEnv/App/Info.plist;
				IPHONEOS_DEPLOYMENT_TARGET = 15.0;
				LD_RUNPATH_SEARCH_PATHS = (
					"$(inherited)",
					"@executable_path/Frameworks",
				);
				PRODUCT_BUNDLE_IDENTIFIER = jp.co.wdkk.DevEnv;
				PRODUCT_NAME = "$(TARGET_NAME)";
				PROVISIONING_PROFILE_SPECIFIER = "";
				SUPPORTED_PLATFORMS = "iphoneos iphonesimulator";
				SUPPORTS_MACCATALYST = YES;
				SUPPORTS_MAC_DESIGNED_FOR_IPHONE_IPAD = NO;
				SWIFT_VERSION = 5.0;
				SYMROOT = ../../../build/iOSDev/;
				TARGETED_DEVICE_FAMILY = "1,2,6";
			};
			name = Release;
		};
		5D8F3B82235B946B00BB9805 /* Debug */ = {
			isa = XCBuildConfiguration;
			buildSettings = {
				ALWAYS_SEARCH_USER_PATHS = NO;
				ASSETCATALOG_COMPILER_GENERATE_SWIFT_ASSET_SYMBOL_EXTENSIONS = YES;
				BUILD_LIBRARY_FOR_DISTRIBUTION = YES;
				CLANG_ANALYZER_NONNULL = YES;
				CLANG_ANALYZER_NUMBER_OBJECT_CONVERSION = YES_AGGRESSIVE;
				CLANG_CXX_LANGUAGE_STANDARD = "c++17";
				CLANG_CXX_LIBRARY = "libc++";
				CLANG_ENABLE_MODULES = YES;
				CLANG_ENABLE_OBJC_ARC = YES;
				CLANG_ENABLE_OBJC_WEAK = YES;
				CLANG_WARN_BLOCK_CAPTURE_AUTORELEASING = YES;
				CLANG_WARN_BOOL_CONVERSION = YES;
				CLANG_WARN_COMMA = YES;
				CLANG_WARN_CONSTANT_CONVERSION = YES;
				CLANG_WARN_DEPRECATED_OBJC_IMPLEMENTATIONS = YES;
				CLANG_WARN_DIRECT_OBJC_ISA_USAGE = YES_ERROR;
				CLANG_WARN_DOCUMENTATION_COMMENTS = YES;
				CLANG_WARN_EMPTY_BODY = YES;
				CLANG_WARN_ENUM_CONVERSION = YES;
				CLANG_WARN_INFINITE_RECURSION = YES;
				CLANG_WARN_INT_CONVERSION = YES;
				CLANG_WARN_NON_LITERAL_NULL_CONVERSION = YES;
				CLANG_WARN_OBJC_IMPLICIT_RETAIN_SELF = YES;
				CLANG_WARN_OBJC_LITERAL_CONVERSION = YES;
				CLANG_WARN_OBJC_ROOT_CLASS = YES_ERROR;
				CLANG_WARN_QUOTED_INCLUDE_IN_FRAMEWORK_HEADER = YES;
				CLANG_WARN_RANGE_LOOP_ANALYSIS = YES;
				CLANG_WARN_STRICT_PROTOTYPES = YES;
				CLANG_WARN_SUSPICIOUS_MOVE = YES;
				CLANG_WARN_UNGUARDED_AVAILABILITY = YES_AGGRESSIVE;
				CLANG_WARN_UNREACHABLE_CODE = YES;
				CLANG_WARN__DUPLICATE_METHOD_MATCH = YES;
				COPY_PHASE_STRIP = NO;
				CURRENT_PROJECT_VERSION = 1;
				DEBUG_INFORMATION_FORMAT = dwarf;
				ENABLE_STRICT_OBJC_MSGSEND = YES;
				ENABLE_TESTABILITY = YES;
				GCC_C_LANGUAGE_STANDARD = gnu11;
				GCC_DYNAMIC_NO_PIC = NO;
				GCC_INPUT_FILETYPE = sourcecode.cpp.objcpp;
				GCC_NO_COMMON_BLOCKS = YES;
				GCC_OPTIMIZATION_LEVEL = 0;
				GCC_PREPROCESSOR_DEFINITIONS = "DEBUG=1";
				"GCC_PREPROCESSOR_DEFINITIONS[sdk=macosx*]" = "DEBUG=1";
				GCC_WARN_64_TO_32_BIT_CONVERSION = YES;
				GCC_WARN_ABOUT_RETURN_TYPE = YES_ERROR;
				GCC_WARN_UNDECLARED_SELECTOR = YES;
				GCC_WARN_UNINITIALIZED_AUTOS = YES_AGGRESSIVE;
				GCC_WARN_UNUSED_FUNCTION = YES;
				GCC_WARN_UNUSED_VARIABLE = YES;
				IPHONEOS_DEPLOYMENT_TARGET = 15.0;
				MACOSX_DEPLOYMENT_TARGET = 12.0;
				MTL_ENABLE_DEBUG_INFO = INCLUDE_SOURCE;
				MTL_FAST_MATH = YES;
				ONLY_ACTIVE_ARCH = YES;
				OTHER_CPLUSPLUSFLAGS = "$(OTHER_CFLAGS)";
				OTHER_SWIFT_FLAGS = "";
				SDKROOT = iphoneos;
				SWIFT_ACTIVE_COMPILATION_CONDITIONS = DEBUG;
				SWIFT_OPTIMIZATION_LEVEL = "-Onone";
				SYMROOT = ../../../build/;
				VERSIONING_SYSTEM = "apple-generic";
				VERSION_INFO_PREFIX = "";
			};
			name = Debug;
		};
		5D8F3B83235B946B00BB9805 /* Release */ = {
			isa = XCBuildConfiguration;
			buildSettings = {
				ALWAYS_SEARCH_USER_PATHS = NO;
				ASSETCATALOG_COMPILER_GENERATE_SWIFT_ASSET_SYMBOL_EXTENSIONS = YES;
				BUILD_LIBRARY_FOR_DISTRIBUTION = YES;
				CLANG_ANALYZER_NONNULL = YES;
				CLANG_ANALYZER_NUMBER_OBJECT_CONVERSION = YES_AGGRESSIVE;
				CLANG_CXX_LANGUAGE_STANDARD = "c++17";
				CLANG_CXX_LIBRARY = "libc++";
				CLANG_ENABLE_MODULES = YES;
				CLANG_ENABLE_OBJC_ARC = YES;
				CLANG_ENABLE_OBJC_WEAK = YES;
				CLANG_WARN_BLOCK_CAPTURE_AUTORELEASING = YES;
				CLANG_WARN_BOOL_CONVERSION = YES;
				CLANG_WARN_COMMA = YES;
				CLANG_WARN_CONSTANT_CONVERSION = YES;
				CLANG_WARN_DEPRECATED_OBJC_IMPLEMENTATIONS = YES;
				CLANG_WARN_DIRECT_OBJC_ISA_USAGE = YES_ERROR;
				CLANG_WARN_DOCUMENTATION_COMMENTS = YES;
				CLANG_WARN_EMPTY_BODY = YES;
				CLANG_WARN_ENUM_CONVERSION = YES;
				CLANG_WARN_INFINITE_RECURSION = YES;
				CLANG_WARN_INT_CONVERSION = YES;
				CLANG_WARN_NON_LITERAL_NULL_CONVERSION = YES;
				CLANG_WARN_OBJC_IMPLICIT_RETAIN_SELF = YES;
				CLANG_WARN_OBJC_LITERAL_CONVERSION = YES;
				CLANG_WARN_OBJC_ROOT_CLASS = YES_ERROR;
				CLANG_WARN_QUOTED_INCLUDE_IN_FRAMEWORK_HEADER = YES;
				CLANG_WARN_RANGE_LOOP_ANALYSIS = YES;
				CLANG_WARN_STRICT_PROTOTYPES = YES;
				CLANG_WARN_SUSPICIOUS_MOVE = YES;
				CLANG_WARN_UNGUARDED_AVAILABILITY = YES_AGGRESSIVE;
				CLANG_WARN_UNREACHABLE_CODE = YES;
				CLANG_WARN__DUPLICATE_METHOD_MATCH = YES;
				COPY_PHASE_STRIP = NO;
				CURRENT_PROJECT_VERSION = 1;
				DEBUG_INFORMATION_FORMAT = "dwarf-with-dsym";
				ENABLE_NS_ASSERTIONS = NO;
				ENABLE_STRICT_OBJC_MSGSEND = YES;
				GCC_C_LANGUAGE_STANDARD = gnu11;
				GCC_INPUT_FILETYPE = sourcecode.cpp.objcpp;
				GCC_NO_COMMON_BLOCKS = YES;
				GCC_PREPROCESSOR_DEFINITIONS = "";
				GCC_WARN_64_TO_32_BIT_CONVERSION = YES;
				GCC_WARN_ABOUT_RETURN_TYPE = YES_ERROR;
				GCC_WARN_UNDECLARED_SELECTOR = YES;
				GCC_WARN_UNINITIALIZED_AUTOS = YES_AGGRESSIVE;
				GCC_WARN_UNUSED_FUNCTION = YES;
				GCC_WARN_UNUSED_VARIABLE = YES;
				IPHONEOS_DEPLOYMENT_TARGET = 15.0;
				MACOSX_DEPLOYMENT_TARGET = 12.0;
				MTL_ENABLE_DEBUG_INFO = NO;
				MTL_FAST_MATH = YES;
				OTHER_CPLUSPLUSFLAGS = "$(OTHER_CFLAGS)";
				OTHER_SWIFT_FLAGS = "";
				SDKROOT = iphoneos;
				SWIFT_COMPILATION_MODE = wholemodule;
				SWIFT_OPTIMIZATION_LEVEL = "-O";
				SYMROOT = ../../../build/;
				VALIDATE_PRODUCT = YES;
				VERSIONING_SYSTEM = "apple-generic";
				VERSION_INFO_PREFIX = "";
			};
			name = Release;
		};
		5DD583EF2AA771C300B5E6AE /* Debug */ = {
			isa = XCBuildConfiguration;
			buildSettings = {
				ASSETCATALOG_COMPILER_APPICON_NAME = AppIcon;
				ASSETCATALOG_COMPILER_GENERATE_SWIFT_ASSET_SYMBOL_EXTENSIONS = YES;
				ASSETCATALOG_COMPILER_GLOBAL_ACCENT_COLOR_NAME = AccentColor;
				CLANG_CXX_LANGUAGE_STANDARD = "gnu++20";
				CODE_SIGN_STYLE = Automatic;
				CURRENT_PROJECT_VERSION = 1;
				DEVELOPMENT_TEAM = N6DRT9P33S;
				ENABLE_PREVIEWS = YES;
				ENABLE_USER_SCRIPT_SANDBOXING = YES;
				GCC_C_LANGUAGE_STANDARD = gnu17;
				GCC_PREPROCESSOR_DEFINITIONS = (
					"DEBUG=1",
					"$(inherited)",
				);
				GENERATE_INFOPLIST_FILE = YES;
				INFOPLIST_FILE = DevEnv/App/InfoVision.plist;
				LD_RUNPATH_SEARCH_PATHS = (
					"$(inherited)",
					"@executable_path/Frameworks",
				);
				LOCALIZATION_PREFERS_STRING_CATALOGS = YES;
				MARKETING_VERSION = 1.0;
				PRODUCT_BUNDLE_IDENTIFIER = jp.co.wdkk.DevEnvVision;
				PRODUCT_NAME = "$(TARGET_NAME)";
				SDKROOT = xros;
				SUPPORTED_PLATFORMS = "xros xrsimulator";
				SWIFT_ACTIVE_COMPILATION_CONDITIONS = "DEBUG $(inherited)";
				SWIFT_EMIT_LOC_STRINGS = YES;
				SWIFT_VERSION = 5.0;
				TARGETED_DEVICE_FAMILY = "1,2,7";
				XROS_DEPLOYMENT_TARGET = 1.0;
			};
			name = Debug;
		};
		5DD583F02AA771C300B5E6AE /* Release */ = {
			isa = XCBuildConfiguration;
			buildSettings = {
				ASSETCATALOG_COMPILER_APPICON_NAME = AppIcon;
				ASSETCATALOG_COMPILER_GENERATE_SWIFT_ASSET_SYMBOL_EXTENSIONS = YES;
				ASSETCATALOG_COMPILER_GLOBAL_ACCENT_COLOR_NAME = AccentColor;
				CLANG_CXX_LANGUAGE_STANDARD = "gnu++20";
				CODE_SIGN_STYLE = Automatic;
				CURRENT_PROJECT_VERSION = 1;
				DEVELOPMENT_TEAM = N6DRT9P33S;
				ENABLE_PREVIEWS = YES;
				ENABLE_USER_SCRIPT_SANDBOXING = YES;
				GCC_C_LANGUAGE_STANDARD = gnu17;
				GENERATE_INFOPLIST_FILE = YES;
				INFOPLIST_FILE = DevEnv/App/InfoVision.plist;
				LD_RUNPATH_SEARCH_PATHS = (
					"$(inherited)",
					"@executable_path/Frameworks",
				);
				LOCALIZATION_PREFERS_STRING_CATALOGS = YES;
				MARKETING_VERSION = 1.0;
				PRODUCT_BUNDLE_IDENTIFIER = jp.co.wdkk.DevEnvVision;
				PRODUCT_NAME = "$(TARGET_NAME)";
				SDKROOT = xros;
				SUPPORTED_PLATFORMS = "xros xrsimulator";
				SWIFT_EMIT_LOC_STRINGS = YES;
				SWIFT_VERSION = 5.0;
				TARGETED_DEVICE_FAMILY = "1,2,7";
				XROS_DEPLOYMENT_TARGET = 1.0;
			};
			name = Release;
		};
/* End XCBuildConfiguration section */

/* Begin XCConfigurationList section */
		5D2337EC2A4882490065BB61 /* Build configuration list for PBXNativeTarget "DevEnv-macOS" */ = {
			isa = XCConfigurationList;
			buildConfigurations = (
				5D2337EA2A4882490065BB61 /* Debug */,
				5D2337EB2A4882490065BB61 /* Release */,
			);
			defaultConfigurationIsVisible = 0;
			defaultConfigurationName = Release;
		};
		5D8EA05E263D5CD400DCD404 /* Build configuration list for PBXNativeTarget "DevEnv-iOS" */ = {
			isa = XCConfigurationList;
			buildConfigurations = (
				5D8EA05F263D5CD400DCD404 /* Debug */,
				5D8EA060263D5CD400DCD404 /* Release */,
			);
			defaultConfigurationIsVisible = 0;
			defaultConfigurationName = Release;
		};
		5D8F3B76235B946B00BB9805 /* Build configuration list for PBXProject "DevEnv" */ = {
			isa = XCConfigurationList;
			buildConfigurations = (
				5D8F3B82235B946B00BB9805 /* Debug */,
				5D8F3B83235B946B00BB9805 /* Release */,
			);
			defaultConfigurationIsVisible = 0;
			defaultConfigurationName = Release;
		};
		5DD583EE2AA771C300B5E6AE /* Build configuration list for PBXNativeTarget "DevEnv-visionOS" */ = {
			isa = XCConfigurationList;
			buildConfigurations = (
				5DD583EF2AA771C300B5E6AE /* Debug */,
				5DD583F02AA771C300B5E6AE /* Release */,
			);
			defaultConfigurationIsVisible = 0;
			defaultConfigurationName = Release;
		};
/* End XCConfigurationList section */

/* Begin XCLocalSwiftPackageReference section */
		5D088B042AFC08C800DA4F01 /* XCLocalSwiftPackageReference "../../.." */ = {
			isa = XCLocalSwiftPackageReference;
			relativePath = ../../..;
		};
/* End XCLocalSwiftPackageReference section */

/* Begin XCSwiftPackageProductDependency section */
		5D088B052AFC08C800DA4F01 /* LilySwift */ = {
			isa = XCSwiftPackageProductDependency;
			productName = LilySwift;
		};
		5D84561C2AFA81B7004E48B3 /* LilySwift */ = {
			isa = XCSwiftPackageProductDependency;
			productName = LilySwift;
		};
		5D84561E2AFA81DB004E48B3 /* LilySwift */ = {
			isa = XCSwiftPackageProductDependency;
			productName = LilySwift;
		};
		5D8456202AFA81F9004E48B3 /* LilySwift */ = {
			isa = XCSwiftPackageProductDependency;
			productName = LilySwift;
		};
/* End XCSwiftPackageProductDependency section */
	};
	rootObject = 5D8F3B73235B946B00BB9805 /* Project object */;
}
